
Microsoft Visual Studio Solution File, Format Version 12.00
# Visual Studio Version 16
VisualStudioVersion = 16.0.31025.194
MinimumVisualStudioVersion = 10.0.40219.1
Project("{FAE04EC0-301F-11D3-BF4B-00C04F79EFBC}") = "Productivity X - Unit Testing", "Productivity X - Unit Testing.csproj", "{4A14DFA0-7B14-429F-90EA-CA5D4D498600}"
EndProject
Global
	GlobalSection(SolutionConfigurationPlatforms) = preSolution
		Debug|Any CPU = Debug|Any CPU
		Release|Any CPU = Release|Any CPU
	EndGlobalSection
	GlobalSection(ProjectConfigurationPlatforms) = postSolution
		{4A14DFA0-7B14-429F-90EA-CA5D4D498600}.Debug|Any CPU.ActiveCfg = Debug|Any CPU
		{4A14DFA0-7B14-429F-90EA-CA5D4D498600}.Debug|Any CPU.Build.0 = Debug|Any CPU
		{4A14DFA0-7B14-429F-90EA-CA5D4D498600}.Release|Any CPU.ActiveCfg = Release|Any CPU
		{4A14DFA0-7B14-429F-90EA-CA5D4D498600}.Release|Any CPU.Build.0 = Release|Any CPU
	EndGlobalSection
	GlobalSection(SolutionProperties) = preSolution
		HideSolutionNode = FALSE
	EndGlobalSection
	GlobalSection(ExtensibilityGlobals) = postSolution
		SolutionGuid = {50A56D32-97A7-4D5C-99BF-50A3D17211AD}
	EndGlobalSection
EndGlobal
